// !$*UTF8*$!
{
	archiveVersion = 1;
	classes = {
	};
	objectVersion = 50;
	objects = {

/* Begin PBXBuildFile section */
		301223C624335ADA00BB712C /* LocationManager.swift in Sources */ = {isa = PBXBuildFile; fileRef = 301223C524335ADA00BB712C /* LocationManager.swift */; };
		301223C824335F7800BB712C /* URLDataTask.swift in Sources */ = {isa = PBXBuildFile; fileRef = 301223C724335F7800BB712C /* URLDataTask.swift */; };
		301223CA243363A600BB712C /* EncodeManager.swift in Sources */ = {isa = PBXBuildFile; fileRef = 301223C9243363A600BB712C /* EncodeManager.swift */; };
		301223CC243363D800BB712C /* Coordinate.swift in Sources */ = {isa = PBXBuildFile; fileRef = 301223CB243363D800BB712C /* Coordinate.swift */; };
		305CBFC424305C3000C62E81 /* AppDelegate.swift in Sources */ = {isa = PBXBuildFile; fileRef = 305CBFC324305C3000C62E81 /* AppDelegate.swift */; };
		305CBFC624305C3000C62E81 /* SceneDelegate.swift in Sources */ = {isa = PBXBuildFile; fileRef = 305CBFC524305C3000C62E81 /* SceneDelegate.swift */; };
		305CBFCB24305C3000C62E81 /* Main.storyboard in Resources */ = {isa = PBXBuildFile; fileRef = 305CBFC924305C3000C62E81 /* Main.storyboard */; };
		305CBFCD24305C3400C62E81 /* Assets.xcassets in Resources */ = {isa = PBXBuildFile; fileRef = 305CBFCC24305C3400C62E81 /* Assets.xcassets */; };
		305CBFD024305C3400C62E81 /* LaunchScreen.storyboard in Resources */ = {isa = PBXBuildFile; fileRef = 305CBFCE24305C3400C62E81 /* LaunchScreen.storyboard */; };
		305CBFDB24306FAF00C62E81 /* DustViewController.swift in Sources */ = {isa = PBXBuildFile; fileRef = 305CBFDA24306FAF00C62E81 /* DustViewController.swift */; };
		305CBFDD2430841900C62E81 /* ForecastViewController.swift in Sources */ = {isa = PBXBuildFile; fileRef = 305CBFDC2430841900C62E81 /* ForecastViewController.swift */; };
		30B0AB522431C71900CE9727 /* DustState.swift in Sources */ = {isa = PBXBuildFile; fileRef = 30B0AB512431C71900CE9727 /* DustState.swift */; };
		30B0AB542431C79100CE9727 /* GoodState.swift in Sources */ = {isa = PBXBuildFile; fileRef = 30B0AB532431C79100CE9727 /* GoodState.swift */; };
		30B0AB562431C8C300CE9727 /* NormalState.swift in Sources */ = {isa = PBXBuildFile; fileRef = 30B0AB552431C8C300CE9727 /* NormalState.swift */; };
		30B0AB582431C96600CE9727 /* BadState.swift in Sources */ = {isa = PBXBuildFile; fileRef = 30B0AB572431C96500CE9727 /* BadState.swift */; };
		30B0AB5A2431C9AC00CE9727 /* WorstState.swift in Sources */ = {isa = PBXBuildFile; fileRef = 30B0AB592431C9AC00CE9727 /* WorstState.swift */; };
		30B0AB5E2431CE8B00CE9727 /* DustGrade.swift in Sources */ = {isa = PBXBuildFile; fileRef = 30B0AB5D2431CE8B00CE9727 /* DustGrade.swift */; };
		30B0AB6B2432164300CE9727 /* TimelineTableViewCell.swift in Sources */ = {isa = PBXBuildFile; fileRef = 30B0AB6A2432164300CE9727 /* TimelineTableViewCell.swift */; };
		30B6F4C2243224700059B7F4 /* TimelineTableView.swift in Sources */ = {isa = PBXBuildFile; fileRef = 30B6F4C1243224700059B7F4 /* TimelineTableView.swift */; };
		30B6F4C4243227C00059B7F4 /* MeasuredHistory.swift in Sources */ = {isa = PBXBuildFile; fileRef = 30B6F4C3243227C00059B7F4 /* MeasuredHistory.swift */; };
/* End PBXBuildFile section */

/* Begin PBXFileReference section */
		301223C524335ADA00BB712C /* LocationManager.swift */ = {isa = PBXFileReference; lastKnownFileType = sourcecode.swift; path = LocationManager.swift; sourceTree = "<group>"; };
		301223C724335F7800BB712C /* URLDataTask.swift */ = {isa = PBXFileReference; lastKnownFileType = sourcecode.swift; path = URLDataTask.swift; sourceTree = "<group>"; };
		301223C9243363A600BB712C /* EncodeManager.swift */ = {isa = PBXFileReference; lastKnownFileType = sourcecode.swift; path = EncodeManager.swift; sourceTree = "<group>"; };
		301223CB243363D800BB712C /* Coordinate.swift */ = {isa = PBXFileReference; lastKnownFileType = sourcecode.swift; path = Coordinate.swift; sourceTree = "<group>"; };
		305CBFC024305C3000C62E81 /* DustApp.app */ = {isa = PBXFileReference; explicitFileType = wrapper.application; includeInIndex = 0; path = DustApp.app; sourceTree = BUILT_PRODUCTS_DIR; };
		305CBFC324305C3000C62E81 /* AppDelegate.swift */ = {isa = PBXFileReference; lastKnownFileType = sourcecode.swift; path = AppDelegate.swift; sourceTree = "<group>"; };
		305CBFC524305C3000C62E81 /* SceneDelegate.swift */ = {isa = PBXFileReference; lastKnownFileType = sourcecode.swift; path = SceneDelegate.swift; sourceTree = "<group>"; };
		305CBFCA24305C3000C62E81 /* Base */ = {isa = PBXFileReference; lastKnownFileType = file.storyboard; name = Base; path = Base.lproj/Main.storyboard; sourceTree = "<group>"; };
		305CBFCC24305C3400C62E81 /* Assets.xcassets */ = {isa = PBXFileReference; lastKnownFileType = folder.assetcatalog; path = Assets.xcassets; sourceTree = "<group>"; };
		305CBFCF24305C3400C62E81 /* Base */ = {isa = PBXFileReference; lastKnownFileType = file.storyboard; name = Base; path = Base.lproj/LaunchScreen.storyboard; sourceTree = "<group>"; };
		305CBFD124305C3400C62E81 /* Info.plist */ = {isa = PBXFileReference; lastKnownFileType = text.plist.xml; path = Info.plist; sourceTree = "<group>"; };
		305CBFDA24306FAF00C62E81 /* DustViewController.swift */ = {isa = PBXFileReference; lastKnownFileType = sourcecode.swift; path = DustViewController.swift; sourceTree = "<group>"; };
		305CBFDC2430841900C62E81 /* ForecastViewController.swift */ = {isa = PBXFileReference; lastKnownFileType = sourcecode.swift; path = ForecastViewController.swift; sourceTree = "<group>"; };
		30B0AB512431C71900CE9727 /* DustState.swift */ = {isa = PBXFileReference; lastKnownFileType = sourcecode.swift; path = DustState.swift; sourceTree = "<group>"; };
		30B0AB532431C79100CE9727 /* GoodState.swift */ = {isa = PBXFileReference; lastKnownFileType = sourcecode.swift; path = GoodState.swift; sourceTree = "<group>"; };
		30B0AB552431C8C300CE9727 /* NormalState.swift */ = {isa = PBXFileReference; lastKnownFileType = sourcecode.swift; path = NormalState.swift; sourceTree = "<group>"; };
		30B0AB572431C96500CE9727 /* BadState.swift */ = {isa = PBXFileReference; lastKnownFileType = sourcecode.swift; path = BadState.swift; sourceTree = "<group>"; };
		30B0AB592431C9AC00CE9727 /* WorstState.swift */ = {isa = PBXFileReference; lastKnownFileType = sourcecode.swift; path = WorstState.swift; sourceTree = "<group>"; };
		30B0AB5D2431CE8B00CE9727 /* DustGrade.swift */ = {isa = PBXFileReference; lastKnownFileType = sourcecode.swift; path = DustGrade.swift; sourceTree = "<group>"; };
		30B0AB6A2432164300CE9727 /* TimelineTableViewCell.swift */ = {isa = PBXFileReference; lastKnownFileType = sourcecode.swift; path = TimelineTableViewCell.swift; sourceTree = "<group>"; };
		30B6F4C1243224700059B7F4 /* TimelineTableView.swift */ = {isa = PBXFileReference; lastKnownFileType = sourcecode.swift; path = TimelineTableView.swift; sourceTree = "<group>"; };
		30B6F4C3243227C00059B7F4 /* MeasuredHistory.swift */ = {isa = PBXFileReference; lastKnownFileType = sourcecode.swift; path = MeasuredHistory.swift; sourceTree = "<group>"; };
/* End PBXFileReference section */

/* Begin PBXFrameworksBuildPhase section */
		305CBFBD24305C3000C62E81 /* Frameworks */ = {
			isa = PBXFrameworksBuildPhase;
			buildActionMask = 2147483647;
			files = (
			);
			runOnlyForDeploymentPostprocessing = 0;
		};
/* End PBXFrameworksBuildPhase section */

/* Begin PBXGroup section */
		301223C4243352FF00BB712C /* Network */ = {
			isa = PBXGroup;
			children = (
				301223C524335ADA00BB712C /* LocationManager.swift */,
				301223C724335F7800BB712C /* URLDataTask.swift */,
				301223C9243363A600BB712C /* EncodeManager.swift */,
			);
			path = Network;
			sourceTree = "<group>";
		};
		305CBFB724305C3000C62E81 = {
			isa = PBXGroup;
			children = (
				305CBFC224305C3000C62E81 /* DustApp */,
				305CBFC124305C3000C62E81 /* Products */,
			);
			sourceTree = "<group>";
		};
		305CBFC124305C3000C62E81 /* Products */ = {
			isa = PBXGroup;
			children = (
				305CBFC024305C3000C62E81 /* DustApp.app */,
			);
			name = Products;
			sourceTree = "<group>";
		};
		305CBFC224305C3000C62E81 /* DustApp */ = {
			isa = PBXGroup;
			children = (
				301223C4243352FF00BB712C /* Network */,
				30B0AB5F2432090A00CE9727 /* View */,
				30B0AB502431C6FF00CE9727 /* Protocol */,
				30B0AB4D2431A4A000CE9727 /* Model */,
				305CBFD724306DF600C62E81 /* Controllers */,
				305CBFC324305C3000C62E81 /* AppDelegate.swift */,
				305CBFC524305C3000C62E81 /* SceneDelegate.swift */,
				305CBFC924305C3000C62E81 /* Main.storyboard */,
				305CBFCC24305C3400C62E81 /* Assets.xcassets */,
				305CBFCE24305C3400C62E81 /* LaunchScreen.storyboard */,
				305CBFD124305C3400C62E81 /* Info.plist */,
			);
			path = DustApp;
			sourceTree = "<group>";
		};
		305CBFD724306DF600C62E81 /* Controllers */ = {
			isa = PBXGroup;
			children = (
				305CBFDA24306FAF00C62E81 /* DustViewController.swift */,
				305CBFDC2430841900C62E81 /* ForecastViewController.swift */,
			);
			path = Controllers;
			sourceTree = "<group>";
		};
		30B0AB4D2431A4A000CE9727 /* Model */ = {
			isa = PBXGroup;
			children = (
				30B0AB532431C79100CE9727 /* GoodState.swift */,
				30B0AB552431C8C300CE9727 /* NormalState.swift */,
				30B0AB572431C96500CE9727 /* BadState.swift */,
				30B0AB592431C9AC00CE9727 /* WorstState.swift */,
				30B0AB5D2431CE8B00CE9727 /* DustGrade.swift */,
				30B6F4C3243227C00059B7F4 /* MeasuredHistory.swift */,
				301223CB243363D800BB712C /* Coordinate.swift */,
			);
			path = Model;
			sourceTree = "<group>";
		};
		30B0AB502431C6FF00CE9727 /* Protocol */ = {
			isa = PBXGroup;
			children = (
				30B0AB512431C71900CE9727 /* DustState.swift */,
			);
			path = Protocol;
			sourceTree = "<group>";
		};
		30B0AB5F2432090A00CE9727 /* View */ = {
			isa = PBXGroup;
			children = (
				30B0AB6724320AA400CE9727 /* TableView */,
				30B0AB602432091300CE9727 /* Cell */,
			);
			path = View;
			sourceTree = "<group>";
		};
		30B0AB602432091300CE9727 /* Cell */ = {
			isa = PBXGroup;
			children = (
				30B0AB6A2432164300CE9727 /* TimelineTableViewCell.swift */,
			);
			path = Cell;
			sourceTree = "<group>";
		};
		30B0AB6724320AA400CE9727 /* TableView */ = {
			isa = PBXGroup;
			children = (
				30B6F4C1243224700059B7F4 /* TimelineTableView.swift */,
			);
			path = TableView;
			sourceTree = "<group>";
		};
/* End PBXGroup section */

/* Begin PBXNativeTarget section */
		305CBFBF24305C3000C62E81 /* DustApp */ = {
			isa = PBXNativeTarget;
			buildConfigurationList = 305CBFD424305C3400C62E81 /* Build configuration list for PBXNativeTarget "DustApp" */;
			buildPhases = (
				305CBFBC24305C3000C62E81 /* Sources */,
				305CBFBD24305C3000C62E81 /* Frameworks */,
				305CBFBE24305C3000C62E81 /* Resources */,
			);
			buildRules = (
			);
			dependencies = (
			);
			name = DustApp;
			productName = DustApp;
			productReference = 305CBFC024305C3000C62E81 /* DustApp.app */;
			productType = "com.apple.product-type.application";
		};
/* End PBXNativeTarget section */

/* Begin PBXProject section */
		305CBFB824305C3000C62E81 /* Project object */ = {
			isa = PBXProject;
			attributes = {
				LastSwiftUpdateCheck = 1130;
				LastUpgradeCheck = 1130;
				ORGANIZATIONNAME = delma;
				TargetAttributes = {
					305CBFBF24305C3000C62E81 = {
						CreatedOnToolsVersion = 11.3;
					};
				};
			};
			buildConfigurationList = 305CBFBB24305C3000C62E81 /* Build configuration list for PBXProject "DustApp" */;
			compatibilityVersion = "Xcode 9.3";
			developmentRegion = en;
			hasScannedForEncodings = 0;
			knownRegions = (
				en,
				Base,
			);
			mainGroup = 305CBFB724305C3000C62E81;
			productRefGroup = 305CBFC124305C3000C62E81 /* Products */;
			projectDirPath = "";
			projectRoot = "";
			targets = (
				305CBFBF24305C3000C62E81 /* DustApp */,
			);
		};
/* End PBXProject section */

/* Begin PBXResourcesBuildPhase section */
		305CBFBE24305C3000C62E81 /* Resources */ = {
			isa = PBXResourcesBuildPhase;
			buildActionMask = 2147483647;
			files = (
				305CBFD024305C3400C62E81 /* LaunchScreen.storyboard in Resources */,
				305CBFCD24305C3400C62E81 /* Assets.xcassets in Resources */,
				305CBFCB24305C3000C62E81 /* Main.storyboard in Resources */,
			);
			runOnlyForDeploymentPostprocessing = 0;
		};
/* End PBXResourcesBuildPhase section */

/* Begin PBXSourcesBuildPhase section */
		305CBFBC24305C3000C62E81 /* Sources */ = {
			isa = PBXSourcesBuildPhase;
			buildActionMask = 2147483647;
			files = (
				301223C824335F7800BB712C /* URLDataTask.swift in Sources */,
				30B0AB582431C96600CE9727 /* BadState.swift in Sources */,
				305CBFC424305C3000C62E81 /* AppDelegate.swift in Sources */,
				30B0AB542431C79100CE9727 /* GoodState.swift in Sources */,
				30B0AB6B2432164300CE9727 /* TimelineTableViewCell.swift in Sources */,
				305CBFDD2430841900C62E81 /* ForecastViewController.swift in Sources */,
				30B0AB522431C71900CE9727 /* DustState.swift in Sources */,
				301223CA243363A600BB712C /* EncodeManager.swift in Sources */,
				30B0AB5E2431CE8B00CE9727 /* DustGrade.swift in Sources */,
				305CBFDB24306FAF00C62E81 /* DustViewController.swift in Sources */,
				30B6F4C2243224700059B7F4 /* TimelineTableView.swift in Sources */,
				30B0AB5A2431C9AC00CE9727 /* WorstState.swift in Sources */,
				301223C624335ADA00BB712C /* LocationManager.swift in Sources */,
				30B6F4C4243227C00059B7F4 /* MeasuredHistory.swift in Sources */,
				30B0AB562431C8C300CE9727 /* NormalState.swift in Sources */,
				301223CC243363D800BB712C /* Coordinate.swift in Sources */,
				305CBFC624305C3000C62E81 /* SceneDelegate.swift in Sources */,
			);
			runOnlyForDeploymentPostprocessing = 0;
		};
/* End PBXSourcesBuildPhase section */

/* Begin PBXVariantGroup section */
		305CBFC924305C3000C62E81 /* Main.storyboard */ = {
			isa = PBXVariantGroup;
			children = (
				305CBFCA24305C3000C62E81 /* Base */,
			);
			name = Main.storyboard;
			sourceTree = "<group>";
		};
		305CBFCE24305C3400C62E81 /* LaunchScreen.storyboard */ = {
			isa = PBXVariantGroup;
			children = (
				305CBFCF24305C3400C62E81 /* Base */,
			);
			name = LaunchScreen.storyboard;
			sourceTree = "<group>";
		};
/* End PBXVariantGroup section */

/* Begin XCBuildConfiguration section */
		305CBFD224305C3400C62E81 /* Debug */ = {
			isa = XCBuildConfiguration;
			buildSettings = {
				ALWAYS_SEARCH_USER_PATHS = NO;
				CLANG_ANALYZER_NONNULL = YES;
				CLANG_ANALYZER_NUMBER_OBJECT_CONVERSION = YES_AGGRESSIVE;
				CLANG_CXX_LANGUAGE_STANDARD = "gnu++14";
				CLANG_CXX_LIBRARY = "libc++";
				CLANG_ENABLE_MODULES = YES;
				CLANG_ENABLE_OBJC_ARC = YES;
				CLANG_ENABLE_OBJC_WEAK = YES;
				CLANG_WARN_BLOCK_CAPTURE_AUTORELEASING = YES;
				CLANG_WARN_BOOL_CONVERSION = YES;
				CLANG_WARN_COMMA = YES;
				CLANG_WARN_CONSTANT_CONVERSION = YES;
				CLANG_WARN_DEPRECATED_OBJC_IMPLEMENTATIONS = YES;
				CLANG_WARN_DIRECT_OBJC_ISA_USAGE = YES_ERROR;
				CLANG_WARN_DOCUMENTATION_COMMENTS = YES;
				CLANG_WARN_EMPTY_BODY = YES;
				CLANG_WARN_ENUM_CONVERSION = YES;
				CLANG_WARN_INFINITE_RECURSION = YES;
				CLANG_WARN_INT_CONVERSION = YES;
				CLANG_WARN_NON_LITERAL_NULL_CONVERSION = YES;
				CLANG_WARN_OBJC_IMPLICIT_RETAIN_SELF = YES;
				CLANG_WARN_OBJC_LITERAL_CONVERSION = YES;
				CLANG_WARN_OBJC_ROOT_CLASS = YES_ERROR;
				CLANG_WARN_RANGE_LOOP_ANALYSIS = YES;
				CLANG_WARN_STRICT_PROTOTYPES = YES;
				CLANG_WARN_SUSPICIOUS_MOVE = YES;
				CLANG_WARN_UNGUARDED_AVAILABILITY = YES_AGGRESSIVE;
				CLANG_WARN_UNREACHABLE_CODE = YES;
				CLANG_WARN__DUPLICATE_METHOD_MATCH = YES;
				COPY_PHASE_STRIP = NO;
				DEBUG_INFORMATION_FORMAT = dwarf;
				ENABLE_STRICT_OBJC_MSGSEND = YES;
				ENABLE_TESTABILITY = YES;
				GCC_C_LANGUAGE_STANDARD = gnu11;
				GCC_DYNAMIC_NO_PIC = NO;
				GCC_NO_COMMON_BLOCKS = YES;
				GCC_OPTIMIZATION_LEVEL = 0;
				GCC_PREPROCESSOR_DEFINITIONS = (
					"DEBUG=1",
					"$(inherited)",
				);
				GCC_WARN_64_TO_32_BIT_CONVERSION = YES;
				GCC_WARN_ABOUT_RETURN_TYPE = YES_ERROR;
				GCC_WARN_UNDECLARED_SELECTOR = YES;
				GCC_WARN_UNINITIALIZED_AUTOS = YES_AGGRESSIVE;
				GCC_WARN_UNUSED_FUNCTION = YES;
				GCC_WARN_UNUSED_VARIABLE = YES;
				IPHONEOS_DEPLOYMENT_TARGET = 13.2;
				MTL_ENABLE_DEBUG_INFO = INCLUDE_SOURCE;
				MTL_FAST_MATH = YES;
				ONLY_ACTIVE_ARCH = YES;
				SDKROOT = iphoneos;
				SWIFT_ACTIVE_COMPILATION_CONDITIONS = DEBUG;
				SWIFT_OPTIMIZATION_LEVEL = "-Onone";
			};
			name = Debug;
		};
		305CBFD324305C3400C62E81 /* Release */ = {
			isa = XCBuildConfiguration;
			buildSettings = {
				ALWAYS_SEARCH_USER_PATHS = NO;
				CLANG_ANALYZER_NONNULL = YES;
				CLANG_ANALYZER_NUMBER_OBJECT_CONVERSION = YES_AGGRESSIVE;
				CLANG_CXX_LANGUAGE_STANDARD = "gnu++14";
				CLANG_CXX_LIBRARY = "libc++";
				CLANG_ENABLE_MODULES = YES;
				CLANG_ENABLE_OBJC_ARC = YES;
				CLANG_ENABLE_OBJC_WEAK = YES;
				CLANG_WARN_BLOCK_CAPTURE_AUTORELEASING = YES;
				CLANG_WARN_BOOL_CONVERSION = YES;
				CLANG_WARN_COMMA = YES;
				CLANG_WARN_CONSTANT_CONVERSION = YES;
				CLANG_WARN_DEPRECATED_OBJC_IMPLEMENTATIONS = YES;
				CLANG_WARN_DIRECT_OBJC_ISA_USAGE = YES_ERROR;
				CLANG_WARN_DOCUMENTATION_COMMENTS = YES;
				CLANG_WARN_EMPTY_BODY = YES;
				CLANG_WARN_ENUM_CONVERSION = YES;
				CLANG_WARN_INFINITE_RECURSION = YES;
				CLANG_WARN_INT_CONVERSION = YES;
				CLANG_WARN_NON_LITERAL_NULL_CONVERSION = YES;
				CLANG_WARN_OBJC_IMPLICIT_RETAIN_SELF = YES;
				CLANG_WARN_OBJC_LITERAL_CONVERSION = YES;
				CLANG_WARN_OBJC_ROOT_CLASS = YES_ERROR;
				CLANG_WARN_RANGE_LOOP_ANALYSIS = YES;
				CLANG_WARN_STRICT_PROTOTYPES = YES;
				CLANG_WARN_SUSPICIOUS_MOVE = YES;
				CLANG_WARN_UNGUARDED_AVAILABILITY = YES_AGGRESSIVE;
				CLANG_WARN_UNREACHABLE_CODE = YES;
				CLANG_WARN__DUPLICATE_METHOD_MATCH = YES;
				COPY_PHASE_STRIP = NO;
				DEBUG_INFORMATION_FORMAT = "dwarf-with-dsym";
				ENABLE_NS_ASSERTIONS = NO;
				ENABLE_STRICT_OBJC_MSGSEND = YES;
				GCC_C_LANGUAGE_STANDARD = gnu11;
				GCC_NO_COMMON_BLOCKS = YES;
				GCC_WARN_64_TO_32_BIT_CONVERSION = YES;
				GCC_WARN_ABOUT_RETURN_TYPE = YES_ERROR;
				GCC_WARN_UNDECLARED_SELECTOR = YES;
				GCC_WARN_UNINITIALIZED_AUTOS = YES_AGGRESSIVE;
				GCC_WARN_UNUSED_FUNCTION = YES;
				GCC_WARN_UNUSED_VARIABLE = YES;
				IPHONEOS_DEPLOYMENT_TARGET = 13.2;
				MTL_ENABLE_DEBUG_INFO = NO;
				MTL_FAST_MATH = YES;
				SDKROOT = iphoneos;
				SWIFT_COMPILATION_MODE = wholemodule;
				SWIFT_OPTIMIZATION_LEVEL = "-O";
				VALIDATE_PRODUCT = YES;
			};
			name = Release;
		};
		305CBFD524305C3400C62E81 /* Debug */ = {
			isa = XCBuildConfiguration;
			buildSettings = {
				ASSETCATALOG_COMPILER_APPICON_NAME = AppIcon;
				CODE_SIGN_STYLE = Automatic;
				DEVELOPMENT_TEAM = NC28R53QWB;
				INFOPLIST_FILE = DustApp/Info.plist;
				LD_RUNPATH_SEARCH_PATHS = (
					"$(inherited)",
					"@executable_path/Frameworks",
				);
				PRODUCT_BUNDLE_IDENTIFIER = com.delma.DustApp;
				PRODUCT_NAME = "$(TARGET_NAME)";
				SWIFT_VERSION = 5.0;
				TARGETED_DEVICE_FAMILY = "1,2";
			};
			name = Debug;
		};
		305CBFD624305C3400C62E81 /* Release */ = {
			isa = XCBuildConfiguration;
			buildSettings = {
				ASSETCATALOG_COMPILER_APPICON_NAME = AppIcon;
				CODE_SIGN_STYLE = Automatic;
				DEVELOPMENT_TEAM = NC28R53QWB;
				INFOPLIST_FILE = DustApp/Info.plist;
				LD_RUNPATH_SEARCH_PATHS = (
					"$(inherited)",
					"@executable_path/Frameworks",
				);
				PRODUCT_BUNDLE_IDENTIFIER = com.delma.DustApp;
				PRODUCT_NAME = "$(TARGET_NAME)";
				SWIFT_VERSION = 5.0;
				TARGETED_DEVICE_FAMILY = "1,2";
			};
			name = Release;
		};
/* End XCBuildConfiguration section */

/* Begin XCConfigurationList section */
		305CBFBB24305C3000C62E81 /* Build configuration list for PBXProject "DustApp" */ = {
			isa = XCConfigurationList;
			buildConfigurations = (
				305CBFD224305C3400C62E81 /* Debug */,
				305CBFD324305C3400C62E81 /* Release */,
			);
			defaultConfigurationIsVisible = 0;
			defaultConfigurationName = Release;
		};
		305CBFD424305C3400C62E81 /* Build configuration list for PBXNativeTarget "DustApp" */ = {
			isa = XCConfigurationList;
			buildConfigurations = (
				305CBFD524305C3400C62E81 /* Debug */,
				305CBFD624305C3400C62E81 /* Release */,
			);
			defaultConfigurationIsVisible = 0;
			defaultConfigurationName = Release;
		};
/* End XCConfigurationList section */
	};
	rootObject = 305CBFB824305C3000C62E81 /* Project object */;
}
